
Microsoft Visual Studio Solution File, Format Version 12.00
# Visual Studio Version 16
VisualStudioVersion = 16.0.32002.261
MinimumVisualStudioVersion = 10.0.40219.1
Project("{FAE04EC0-301F-11D3-BF4B-00C04F79EFBC}") = "Music-WindowsFormsApp", "Music-WindowsFormsApp\Music-WindowsFormsApp.csproj", "{6A3E17FF-5E67-4358-A809-2F9408B67D84}"
EndProject
Global
	GlobalSection(SolutionConfigurationPlatforms) = preSolution
		Debug|Any CPU = Debug|Any CPU
		Release|Any CPU = Release|Any CPU
	EndGlobalSection
	GlobalSection(ProjectConfigurationPlatforms) = postSolution
		{6A3E17FF-5E67-4358-A809-2F9408B67D84}.Debug|Any CPU.ActiveCfg = Debug|Any CPU
		{6A3E17FF-5E67-4358-A809-2F9408B67D84}.Debug|Any CPU.Build.0 = Debug|Any CPU
		{6A3E17FF-5E67-4358-A809-2F9408B67D84}.Release|Any CPU.ActiveCfg = Release|Any CPU
		{6A3E17FF-5E67-4358-A809-2F9408B67D84}.Release|Any CPU.Build.0 = Release|Any CPU
	EndGlobalSection
	GlobalSection(SolutionProperties) = preSolution
		HideSolutionNode = FALSE
	EndGlobalSection
	GlobalSection(ExtensibilityGlobals) = postSolution
		SolutionGuid = {0E6562D4-6D68-4A88-AF61-C71A7C238915}
	EndGlobalSection
EndGlobal
